// !$*UTF8*$!
{
	archiveVersion = 1;
	classes = {
	};
	objectVersion = 50;
	objects = {

/* Begin PBXBuildFile section */
		8576496523192AB200DF0899 /* AppDelegate.swift in Sources */ = {isa = PBXBuildFile; fileRef = 8576496423192AB200DF0899 /* AppDelegate.swift */; };
		8576496723192AB200DF0899 /* SceneDelegate.swift in Sources */ = {isa = PBXBuildFile; fileRef = 8576496623192AB200DF0899 /* SceneDelegate.swift */; };
		8576496923192AB200DF0899 /* ContentView.swift in Sources */ = {isa = PBXBuildFile; fileRef = 8576496823192AB200DF0899 /* ContentView.swift */; };
		8576496B23192AB400DF0899 /* Assets.xcassets in Resources */ = {isa = PBXBuildFile; fileRef = 8576496A23192AB400DF0899 /* Assets.xcassets */; };
		8576496E23192AB400DF0899 /* Preview Assets.xcassets in Resources */ = {isa = PBXBuildFile; fileRef = 8576496D23192AB400DF0899 /* Preview Assets.xcassets */; };
		8576497123192AB400DF0899 /* LaunchScreen.storyboard in Resources */ = {isa = PBXBuildFile; fileRef = 8576496F23192AB400DF0899 /* LaunchScreen.storyboard */; };
		8576497B2319310200DF0899 /* LanguagesView.swift in Sources */ = {isa = PBXBuildFile; fileRef = 8576497A2319310200DF0899 /* LanguagesView.swift */; };
		8576497E2319317500DF0899 /* LanguagesViewModel.swift in Sources */ = {isa = PBXBuildFile; fileRef = 8576497D2319317500DF0899 /* LanguagesViewModel.swift */; };
		85764980231934D200DF0899 /* Languages.swift in Sources */ = {isa = PBXBuildFile; fileRef = 8576497F231934D200DF0899 /* Languages.swift */; };
		85764982231937BD00DF0899 /* LanguageRow.swift in Sources */ = {isa = PBXBuildFile; fileRef = 85764981231937BD00DF0899 /* LanguageRow.swift */; };
		857649842319382F00DF0899 /* LanguageImage.swift in Sources */ = {isa = PBXBuildFile; fileRef = 857649832319382F00DF0899 /* LanguageImage.swift */; };
/* End PBXBuildFile section */

/* Begin PBXFileReference section */
		8576496123192AB200DF0899 /* ModernOctopodium.app */ = {isa = PBXFileReference; explicitFileType = wrapper.application; includeInIndex = 0; path = ModernOctopodium.app; sourceTree = BUILT_PRODUCTS_DIR; };
		8576496423192AB200DF0899 /* AppDelegate.swift */ = {isa = PBXFileReference; lastKnownFileType = sourcecode.swift; path = AppDelegate.swift; sourceTree = "<group>"; };
		8576496623192AB200DF0899 /* SceneDelegate.swift */ = {isa = PBXFileReference; lastKnownFileType = sourcecode.swift; path = SceneDelegate.swift; sourceTree = "<group>"; };
		8576496823192AB200DF0899 /* ContentView.swift */ = {isa = PBXFileReference; lastKnownFileType = sourcecode.swift; path = ContentView.swift; sourceTree = "<group>"; };
		8576496A23192AB400DF0899 /* Assets.xcassets */ = {isa = PBXFileReference; lastKnownFileType = folder.assetcatalog; path = Assets.xcassets; sourceTree = "<group>"; };
		8576496D23192AB400DF0899 /* Preview Assets.xcassets */ = {isa = PBXFileReference; lastKnownFileType = folder.assetcatalog; path = "Preview Assets.xcassets"; sourceTree = "<group>"; };
		8576497023192AB400DF0899 /* Base */ = {isa = PBXFileReference; lastKnownFileType = file.storyboard; name = Base; path = Base.lproj/LaunchScreen.storyboard; sourceTree = "<group>"; };
		8576497223192AB400DF0899 /* Info.plist */ = {isa = PBXFileReference; lastKnownFileType = text.plist.xml; path = Info.plist; sourceTree = "<group>"; };
		8576497A2319310200DF0899 /* LanguagesView.swift */ = {isa = PBXFileReference; lastKnownFileType = sourcecode.swift; path = LanguagesView.swift; sourceTree = "<group>"; };
		8576497D2319317500DF0899 /* LanguagesViewModel.swift */ = {isa = PBXFileReference; lastKnownFileType = sourcecode.swift; path = LanguagesViewModel.swift; sourceTree = "<group>"; };
		8576497F231934D200DF0899 /* Languages.swift */ = {isa = PBXFileReference; lastKnownFileType = sourcecode.swift; path = Languages.swift; sourceTree = "<group>"; };
		85764981231937BD00DF0899 /* LanguageRow.swift */ = {isa = PBXFileReference; lastKnownFileType = sourcecode.swift; path = LanguageRow.swift; sourceTree = "<group>"; };
		857649832319382F00DF0899 /* LanguageImage.swift */ = {isa = PBXFileReference; lastKnownFileType = sourcecode.swift; path = LanguageImage.swift; sourceTree = "<group>"; };
/* End PBXFileReference section */

/* Begin PBXFrameworksBuildPhase section */
		8576495E23192AB200DF0899 /* Frameworks */ = {
			isa = PBXFrameworksBuildPhase;
			buildActionMask = 2147483647;
			files = (
			);
			runOnlyForDeploymentPostprocessing = 0;
		};
/* End PBXFrameworksBuildPhase section */

/* Begin PBXGroup section */
		8576495823192AB200DF0899 = {
			isa = PBXGroup;
			children = (
				8576496323192AB200DF0899 /* ModernOctopodium */,
				8576496223192AB200DF0899 /* Products */,
			);
			sourceTree = "<group>";
		};
		8576496223192AB200DF0899 /* Products */ = {
			isa = PBXGroup;
			children = (
				8576496123192AB200DF0899 /* ModernOctopodium.app */,
			);
			name = Products;
			sourceTree = "<group>";
		};
		8576496323192AB200DF0899 /* ModernOctopodium */ = {
			isa = PBXGroup;
			children = (
				85764979231930E900DF0899 /* Models */,
				85764978231930DA00DF0899 /* Contexts */,
				8576496423192AB200DF0899 /* AppDelegate.swift */,
				8576496623192AB200DF0899 /* SceneDelegate.swift */,
				8576496823192AB200DF0899 /* ContentView.swift */,
				8576496A23192AB400DF0899 /* Assets.xcassets */,
				8576496F23192AB400DF0899 /* LaunchScreen.storyboard */,
				8576497223192AB400DF0899 /* Info.plist */,
				8576496C23192AB400DF0899 /* Preview Content */,
			);
			path = ModernOctopodium;
			sourceTree = "<group>";
		};
		8576496C23192AB400DF0899 /* Preview Content */ = {
			isa = PBXGroup;
			children = (
				8576496D23192AB400DF0899 /* Preview Assets.xcassets */,
			);
			path = "Preview Content";
			sourceTree = "<group>";
		};
		85764978231930DA00DF0899 /* Contexts */ = {
			isa = PBXGroup;
			children = (
				8576497C2319312600DF0899 /* Languages */,
			);
			path = Contexts;
			sourceTree = "<group>";
		};
		85764979231930E900DF0899 /* Models */ = {
			isa = PBXGroup;
			children = (
				8576497F231934D200DF0899 /* Languages.swift */,
			);
			path = Models;
			sourceTree = "<group>";
		};
		8576497C2319312600DF0899 /* Languages */ = {
			isa = PBXGroup;
			children = (
				8576497A2319310200DF0899 /* LanguagesView.swift */,
				8576497D2319317500DF0899 /* LanguagesViewModel.swift */,
				85764981231937BD00DF0899 /* LanguageRow.swift */,
				857649832319382F00DF0899 /* LanguageImage.swift */,
			);
			path = Languages;
			sourceTree = "<group>";
		};
/* End PBXGroup section */

/* Begin PBXNativeTarget section */
		8576496023192AB200DF0899 /* ModernOctopodium */ = {
			isa = PBXNativeTarget;
			buildConfigurationList = 8576497523192AB400DF0899 /* Build configuration list for PBXNativeTarget "ModernOctopodium" */;
			buildPhases = (
				8576495D23192AB200DF0899 /* Sources */,
				8576495E23192AB200DF0899 /* Frameworks */,
				8576495F23192AB200DF0899 /* Resources */,
			);
			buildRules = (
			);
			dependencies = (
			);
			name = ModernOctopodium;
			productName = ModernOctopodium;
			productReference = 8576496123192AB200DF0899 /* ModernOctopodium.app */;
			productType = "com.apple.product-type.application";
		};
/* End PBXNativeTarget section */

/* Begin PBXProject section */
		8576495923192AB200DF0899 /* Project object */ = {
			isa = PBXProject;
			attributes = {
				LastSwiftUpdateCheck = 1100;
				LastUpgradeCheck = 1100;
				ORGANIZATIONNAME = numicago;
				TargetAttributes = {
					8576496023192AB200DF0899 = {
						CreatedOnToolsVersion = 11.0;
					};
				};
			};
			buildConfigurationList = 8576495C23192AB200DF0899 /* Build configuration list for PBXProject "ModernOctopodium" */;
			compatibilityVersion = "Xcode 9.3";
			developmentRegion = en;
			hasScannedForEncodings = 0;
			knownRegions = (
				en,
				Base,
			);
			mainGroup = 8576495823192AB200DF0899;
			productRefGroup = 8576496223192AB200DF0899 /* Products */;
			projectDirPath = "";
			projectRoot = "";
			targets = (
				8576496023192AB200DF0899 /* ModernOctopodium */,
			);
		};
/* End PBXProject section */

/* Begin PBXResourcesBuildPhase section */
		8576495F23192AB200DF0899 /* Resources */ = {
			isa = PBXResourcesBuildPhase;
			buildActionMask = 2147483647;
			files = (
				8576497123192AB400DF0899 /* LaunchScreen.storyboard in Resources */,
				8576496E23192AB400DF0899 /* Preview Assets.xcassets in Resources */,
				8576496B23192AB400DF0899 /* Assets.xcassets in Resources */,
			);
			runOnlyForDeploymentPostprocessing = 0;
		};
/* End PBXResourcesBuildPhase section */

/* Begin PBXSourcesBuildPhase section */
		8576495D23192AB200DF0899 /* Sources */ = {
			isa = PBXSourcesBuildPhase;
			buildActionMask = 2147483647;
			files = (
				8576497B2319310200DF0899 /* LanguagesView.swift in Sources */,
				8576497E2319317500DF0899 /* LanguagesViewModel.swift in Sources */,
				8576496523192AB200DF0899 /* AppDelegate.swift in Sources */,
				8576496723192AB200DF0899 /* SceneDelegate.swift in Sources */,
				8576496923192AB200DF0899 /* ContentView.swift in Sources */,
				857649842319382F00DF0899 /* LanguageImage.swift in Sources */,
				85764982231937BD00DF0899 /* LanguageRow.swift in Sources */,
				85764980231934D200DF0899 /* Languages.swift in Sources */,
			);
			runOnlyForDeploymentPostprocessing = 0;
		};
/* End PBXSourcesBuildPhase section */

/* Begin PBXVariantGroup section */
		8576496F23192AB400DF0899 /* LaunchScreen.storyboard */ = {
			isa = PBXVariantGroup;
			children = (
				8576497023192AB400DF0899 /* Base */,
			);
			name = LaunchScreen.storyboard;
			sourceTree = "<group>";
		};
/* End PBXVariantGroup section */

/* Begin XCBuildConfiguration section */
		8576497323192AB400DF0899 /* Debug */ = {
			isa = XCBuildConfiguration;
			buildSettings = {
				ALWAYS_SEARCH_USER_PATHS = NO;
				CLANG_ANALYZER_NONNULL = YES;
				CLANG_ANALYZER_NUMBER_OBJECT_CONVERSION = YES_AGGRESSIVE;
				CLANG_CXX_LANGUAGE_STANDARD = "gnu++14";
				CLANG_CXX_LIBRARY = "libc++";
				CLANG_ENABLE_MODULES = YES;
				CLANG_ENABLE_OBJC_ARC = YES;
				CLANG_ENABLE_OBJC_WEAK = YES;
				CLANG_WARN_BLOCK_CAPTURE_AUTORELEASING = YES;
				CLANG_WARN_BOOL_CONVERSION = YES;
				CLANG_WARN_COMMA = YES;
				CLANG_WARN_CONSTANT_CONVERSION = YES;
				CLANG_WARN_DEPRECATED_OBJC_IMPLEMENTATIONS = YES;
				CLANG_WARN_DIRECT_OBJC_ISA_USAGE = YES_ERROR;
				CLANG_WARN_DOCUMENTATION_COMMENTS = YES;
				CLANG_WARN_EMPTY_BODY = YES;
				CLANG_WARN_ENUM_CONVERSION = YES;
				CLANG_WARN_INFINITE_RECURSION = YES;
				CLANG_WARN_INT_CONVERSION = YES;
				CLANG_WARN_NON_LITERAL_NULL_CONVERSION = YES;
				CLANG_WARN_OBJC_IMPLICIT_RETAIN_SELF = YES;
				CLANG_WARN_OBJC_LITERAL_CONVERSION = YES;
				CLANG_WARN_OBJC_ROOT_CLASS = YES_ERROR;
				CLANG_WARN_RANGE_LOOP_ANALYSIS = YES;
				CLANG_WARN_STRICT_PROTOTYPES = YES;
				CLANG_WARN_SUSPICIOUS_MOVE = YES;
				CLANG_WARN_UNGUARDED_AVAILABILITY = YES_AGGRESSIVE;
				CLANG_WARN_UNREACHABLE_CODE = YES;
				CLANG_WARN__DUPLICATE_METHOD_MATCH = YES;
				COPY_PHASE_STRIP = NO;
				DEBUG_INFORMATION_FORMAT = dwarf;
				ENABLE_STRICT_OBJC_MSGSEND = YES;
				ENABLE_TESTABILITY = YES;
				GCC_C_LANGUAGE_STANDARD = gnu11;
				GCC_DYNAMIC_NO_PIC = NO;
				GCC_NO_COMMON_BLOCKS = YES;
				GCC_OPTIMIZATION_LEVEL = 0;
				GCC_PREPROCESSOR_DEFINITIONS = (
					"DEBUG=1",
					"$(inherited)",
				);
				GCC_WARN_64_TO_32_BIT_CONVERSION = YES;
				GCC_WARN_ABOUT_RETURN_TYPE = YES_ERROR;
				GCC_WARN_UNDECLARED_SELECTOR = YES;
				GCC_WARN_UNINITIALIZED_AUTOS = YES_AGGRESSIVE;
				GCC_WARN_UNUSED_FUNCTION = YES;
				GCC_WARN_UNUSED_VARIABLE = YES;
				IPHONEOS_DEPLOYMENT_TARGET = 13.0;
				MTL_ENABLE_DEBUG_INFO = INCLUDE_SOURCE;
				MTL_FAST_MATH = YES;
				ONLY_ACTIVE_ARCH = YES;
				SDKROOT = iphoneos;
				SWIFT_ACTIVE_COMPILATION_CONDITIONS = DEBUG;
				SWIFT_OPTIMIZATION_LEVEL = "-Onone";
			};
			name = Debug;
		};
		8576497423192AB400DF0899 /* Release */ = {
			isa = XCBuildConfiguration;
			buildSettings = {
				ALWAYS_SEARCH_USER_PATHS = NO;
				CLANG_ANALYZER_NONNULL = YES;
				CLANG_ANALYZER_NUMBER_OBJECT_CONVERSION = YES_AGGRESSIVE;
				CLANG_CXX_LANGUAGE_STANDARD = "gnu++14";
				CLANG_CXX_LIBRARY = "libc++";
				CLANG_ENABLE_MODULES = YES;
				CLANG_ENABLE_OBJC_ARC = YES;
				CLANG_ENABLE_OBJC_WEAK = YES;
				CLANG_WARN_BLOCK_CAPTURE_AUTORELEASING = YES;
				CLANG_WARN_BOOL_CONVERSION = YES;
				CLANG_WARN_COMMA = YES;
				CLANG_WARN_CONSTANT_CONVERSION = YES;
				CLANG_WARN_DEPRECATED_OBJC_IMPLEMENTATIONS = YES;
				CLANG_WARN_DIRECT_OBJC_ISA_USAGE = YES_ERROR;
				CLANG_WARN_DOCUMENTATION_COMMENTS = YES;
				CLANG_WARN_EMPTY_BODY = YES;
				CLANG_WARN_ENUM_CONVERSION = YES;
				CLANG_WARN_INFINITE_RECURSION = YES;
				CLANG_WARN_INT_CONVERSION = YES;
				CLANG_WARN_NON_LITERAL_NULL_CONVERSION = YES;
				CLANG_WARN_OBJC_IMPLICIT_RETAIN_SELF = YES;
				CLANG_WARN_OBJC_LITERAL_CONVERSION = YES;
				CLANG_WARN_OBJC_ROOT_CLASS = YES_ERROR;
				CLANG_WARN_RANGE_LOOP_ANALYSIS = YES;
				CLANG_WARN_STRICT_PROTOTYPES = YES;
				CLANG_WARN_SUSPICIOUS_MOVE = YES;
				CLANG_WARN_UNGUARDED_AVAILABILITY = YES_AGGRESSIVE;
				CLANG_WARN_UNREACHABLE_CODE = YES;
				CLANG_WARN__DUPLICATE_METHOD_MATCH = YES;
				COPY_PHASE_STRIP = NO;
				DEBUG_INFORMATION_FORMAT = "dwarf-with-dsym";
				ENABLE_NS_ASSERTIONS = NO;
				ENABLE_STRICT_OBJC_MSGSEND = YES;
				GCC_C_LANGUAGE_STANDARD = gnu11;
				GCC_NO_COMMON_BLOCKS = YES;
				GCC_WARN_64_TO_32_BIT_CONVERSION = YES;
				GCC_WARN_ABOUT_RETURN_TYPE = YES_ERROR;
				GCC_WARN_UNDECLARED_SELECTOR = YES;
				GCC_WARN_UNINITIALIZED_AUTOS = YES_AGGRESSIVE;
				GCC_WARN_UNUSED_FUNCTION = YES;
				GCC_WARN_UNUSED_VARIABLE = YES;
				IPHONEOS_DEPLOYMENT_TARGET = 13.0;
				MTL_ENABLE_DEBUG_INFO = NO;
				MTL_FAST_MATH = YES;
				SDKROOT = iphoneos;
				SWIFT_COMPILATION_MODE = wholemodule;
				SWIFT_OPTIMIZATION_LEVEL = "-O";
				VALIDATE_PRODUCT = YES;
			};
			name = Release;
		};
		8576497623192AB400DF0899 /* Debug */ = {
			isa = XCBuildConfiguration;
			buildSettings = {
				ASSETCATALOG_COMPILER_APPICON_NAME = AppIcon;
				CODE_SIGN_STYLE = Automatic;
				DEVELOPMENT_ASSET_PATHS = "\"ModernOctopodium/Preview Content\"";
				DEVELOPMENT_TEAM = 9D23XSN84S;
				ENABLE_PREVIEWS = YES;
				INFOPLIST_FILE = ModernOctopodium/Info.plist;
				LD_RUNPATH_SEARCH_PATHS = (
					"$(inherited)",
					"@executable_path/Frameworks",
				);
				PRODUCT_BUNDLE_IDENTIFIER = com.numicago.ModernOctopodium;
				PRODUCT_NAME = "$(TARGET_NAME)";
				SWIFT_VERSION = 5.0;
				TARGETED_DEVICE_FAMILY = "1,2";
			};
			name = Debug;
		};
		8576497723192AB400DF0899 /* Release */ = {
			isa = XCBuildConfiguration;
			buildSettings = {
				ASSETCATALOG_COMPILER_APPICON_NAME = AppIcon;
				CODE_SIGN_STYLE = Automatic;
				DEVELOPMENT_ASSET_PATHS = "\"ModernOctopodium/Preview Content\"";
				DEVELOPMENT_TEAM = 9D23XSN84S;
				ENABLE_PREVIEWS = YES;
				INFOPLIST_FILE = ModernOctopodium/Info.plist;
				LD_RUNPATH_SEARCH_PATHS = (
					"$(inherited)",
					"@executable_path/Frameworks",
				);
				PRODUCT_BUNDLE_IDENTIFIER = com.numicago.ModernOctopodium;
				PRODUCT_NAME = "$(TARGET_NAME)";
				SWIFT_VERSION = 5.0;
				TARGETED_DEVICE_FAMILY = "1,2";
			};
			name = Release;
		};
/* End XCBuildConfiguration section */

/* Begin XCConfigurationList section */
		8576495C23192AB200DF0899 /* Build configuration list for PBXProject "ModernOctopodium" */ = {
			isa = XCConfigurationList;
			buildConfigurations = (
				8576497323192AB400DF0899 /* Debug */,
				8576497423192AB400DF0899 /* Release */,
			);
			defaultConfigurationIsVisible = 0;
			defaultConfigurationName = Release;
		};
		8576497523192AB400DF0899 /* Build configuration list for PBXNativeTarget "ModernOctopodium" */ = {
			isa = XCConfigurationList;
			buildConfigurations = (
				8576497623192AB400DF0899 /* Debug */,
				8576497723192AB400DF0899 /* Release */,
			);
			defaultConfigurationIsVisible = 0;
			defaultConfigurationName = Release;
		};
/* End XCConfigurationList section */
	};
	rootObject = 8576495923192AB200DF0899 /* Project object */;
}
